// !$*UTF8*$!
{
	archiveVersion = 1;
	classes = {
	};
	objectVersion = 55;
	objects = {

/* Begin PBXBuildFile section */
		A5564563283D3F9900214EDE /* AppDelegate.swift in Sources */ = {isa = PBXBuildFile; fileRef = A5564562283D3F9900214EDE /* AppDelegate.swift */; };
		A5564565283D3F9900214EDE /* SceneDelegate.swift in Sources */ = {isa = PBXBuildFile; fileRef = A5564564283D3F9900214EDE /* SceneDelegate.swift */; };
		A5564567283D3F9900214EDE /* ViewController.swift in Sources */ = {isa = PBXBuildFile; fileRef = A5564566283D3F9900214EDE /* ViewController.swift */; };
		A556456A283D3F9900214EDE /* Main.storyboard in Resources */ = {isa = PBXBuildFile; fileRef = A5564568283D3F9900214EDE /* Main.storyboard */; };
		A556456C283D3F9B00214EDE /* Assets.xcassets in Resources */ = {isa = PBXBuildFile; fileRef = A556456B283D3F9B00214EDE /* Assets.xcassets */; };
		A556456F283D3F9B00214EDE /* LaunchScreen.storyboard in Resources */ = {isa = PBXBuildFile; fileRef = A556456D283D3F9B00214EDE /* LaunchScreen.storyboard */; };
		A556457A283D3F9B00214EDE /* ZooMarket1Tests.swift in Sources */ = {isa = PBXBuildFile; fileRef = A5564579283D3F9B00214EDE /* ZooMarket1Tests.swift */; };
		A5564584283D3F9B00214EDE /* ZooMarket1UITests.swift in Sources */ = {isa = PBXBuildFile; fileRef = A5564583283D3F9B00214EDE /* ZooMarket1UITests.swift */; };
		A5564586283D3F9B00214EDE /* ZooMarket1UITestsLaunchTests.swift in Sources */ = {isa = PBXBuildFile; fileRef = A5564585283D3F9B00214EDE /* ZooMarket1UITestsLaunchTests.swift */; };
/* End PBXBuildFile section */

/* Begin PBXContainerItemProxy section */
		A5564576283D3F9B00214EDE /* PBXContainerItemProxy */ = {
			isa = PBXContainerItemProxy;
			containerPortal = A5564557283D3F9900214EDE /* Project object */;
			proxyType = 1;
			remoteGlobalIDString = A556455E283D3F9900214EDE;
			remoteInfo = ZooMarket1;
		};
		A5564580283D3F9B00214EDE /* PBXContainerItemProxy */ = {
			isa = PBXContainerItemProxy;
			containerPortal = A5564557283D3F9900214EDE /* Project object */;
			proxyType = 1;
			remoteGlobalIDString = A556455E283D3F9900214EDE;
			remoteInfo = ZooMarket1;
		};
/* End PBXContainerItemProxy section */

/* Begin PBXFileReference section */
		A556455F283D3F9900214EDE /* ZooMarket1.app */ = {isa = PBXFileReference; explicitFileType = wrapper.application; includeInIndex = 0; path = ZooMarket1.app; sourceTree = BUILT_PRODUCTS_DIR; };
		A5564562283D3F9900214EDE /* AppDelegate.swift */ = {isa = PBXFileReference; lastKnownFileType = sourcecode.swift; path = AppDelegate.swift; sourceTree = "<group>"; };
		A5564564283D3F9900214EDE /* SceneDelegate.swift */ = {isa = PBXFileReference; lastKnownFileType = sourcecode.swift; path = SceneDelegate.swift; sourceTree = "<group>"; };
		A5564566283D3F9900214EDE /* ViewController.swift */ = {isa = PBXFileReference; lastKnownFileType = sourcecode.swift; path = ViewController.swift; sourceTree = "<group>"; };
		A5564569283D3F9900214EDE /* Base */ = {isa = PBXFileReference; lastKnownFileType = file.storyboard; name = Base; path = Base.lproj/Main.storyboard; sourceTree = "<group>"; };
		A556456B283D3F9B00214EDE /* Assets.xcassets */ = {isa = PBXFileReference; lastKnownFileType = folder.assetcatalog; path = Assets.xcassets; sourceTree = "<group>"; };
		A556456E283D3F9B00214EDE /* Base */ = {isa = PBXFileReference; lastKnownFileType = file.storyboard; name = Base; path = Base.lproj/LaunchScreen.storyboard; sourceTree = "<group>"; };
		A5564570283D3F9B00214EDE /* Info.plist */ = {isa = PBXFileReference; lastKnownFileType = text.plist.xml; path = Info.plist; sourceTree = "<group>"; };
		A5564575283D3F9B00214EDE /* ZooMarket1Tests.xctest */ = {isa = PBXFileReference; explicitFileType = wrapper.cfbundle; includeInIndex = 0; path = ZooMarket1Tests.xctest; sourceTree = BUILT_PRODUCTS_DIR; };
		A5564579283D3F9B00214EDE /* ZooMarket1Tests.swift */ = {isa = PBXFileReference; lastKnownFileType = sourcecode.swift; path = ZooMarket1Tests.swift; sourceTree = "<group>"; };
		A556457F283D3F9B00214EDE /* ZooMarket1UITests.xctest */ = {isa = PBXFileReference; explicitFileType = wrapper.cfbundle; includeInIndex = 0; path = ZooMarket1UITests.xctest; sourceTree = BUILT_PRODUCTS_DIR; };
		A5564583283D3F9B00214EDE /* ZooMarket1UITests.swift */ = {isa = PBXFileReference; lastKnownFileType = sourcecode.swift; path = ZooMarket1UITests.swift; sourceTree = "<group>"; };
		A5564585283D3F9B00214EDE /* ZooMarket1UITestsLaunchTests.swift */ = {isa = PBXFileReference; lastKnownFileType = sourcecode.swift; path = ZooMarket1UITestsLaunchTests.swift; sourceTree = "<group>"; };
/* End PBXFileReference section */

/* Begin PBXFrameworksBuildPhase section */
		A556455C283D3F9900214EDE /* Frameworks */ = {
			isa = PBXFrameworksBuildPhase;
			buildActionMask = 2147483647;
			files = (
			);
			runOnlyForDeploymentPostprocessing = 0;
		};
		A5564572283D3F9B00214EDE /* Frameworks */ = {
			isa = PBXFrameworksBuildPhase;
			buildActionMask = 2147483647;
			files = (
			);
			runOnlyForDeploymentPostprocessing = 0;
		};
		A556457C283D3F9B00214EDE /* Frameworks */ = {
			isa = PBXFrameworksBuildPhase;
			buildActionMask = 2147483647;
			files = (
			);
			runOnlyForDeploymentPostprocessing = 0;
		};
/* End PBXFrameworksBuildPhase section */

/* Begin PBXGroup section */
		A5564556283D3F9900214EDE = {
			isa = PBXGroup;
			children = (
				A5564561283D3F9900214EDE /* ZooMarket1 */,
				A5564578283D3F9B00214EDE /* ZooMarket1Tests */,
				A5564582283D3F9B00214EDE /* ZooMarket1UITests */,
				A5564560283D3F9900214EDE /* Products */,
			);
			sourceTree = "<group>";
		};
		A5564560283D3F9900214EDE /* Products */ = {
			isa = PBXGroup;
			children = (
				A556455F283D3F9900214EDE /* ZooMarket1.app */,
				A5564575283D3F9B00214EDE /* ZooMarket1Tests.xctest */,
				A556457F283D3F9B00214EDE /* ZooMarket1UITests.xctest */,
			);
			name = Products;
			sourceTree = "<group>";
		};
		A5564561283D3F9900214EDE /* ZooMarket1 */ = {
			isa = PBXGroup;
			children = (
				A5564562283D3F9900214EDE /* AppDelegate.swift */,
				A5564564283D3F9900214EDE /* SceneDelegate.swift */,
				A5564566283D3F9900214EDE /* ViewController.swift */,
				A5564568283D3F9900214EDE /* Main.storyboard */,
				A556456B283D3F9B00214EDE /* Assets.xcassets */,
				A556456D283D3F9B00214EDE /* LaunchScreen.storyboard */,
				A5564570283D3F9B00214EDE /* Info.plist */,
			);
			path = ZooMarket1;
			sourceTree = "<group>";
		};
		A5564578283D3F9B00214EDE /* ZooMarket1Tests */ = {
			isa = PBXGroup;
			children = (
				A5564579283D3F9B00214EDE /* ZooMarket1Tests.swift */,
			);
			path = ZooMarket1Tests;
			sourceTree = "<group>";
		};
		A5564582283D3F9B00214EDE /* ZooMarket1UITests */ = {
			isa = PBXGroup;
			children = (
				A5564583283D3F9B00214EDE /* ZooMarket1UITests.swift */,
				A5564585283D3F9B00214EDE /* ZooMarket1UITestsLaunchTests.swift */,
			);
			path = ZooMarket1UITests;
			sourceTree = "<group>";
		};
/* End PBXGroup section */

/* Begin PBXNativeTarget section */
		A556455E283D3F9900214EDE /* ZooMarket1 */ = {
			isa = PBXNativeTarget;
			buildConfigurationList = A5564589283D3F9B00214EDE /* Build configuration list for PBXNativeTarget "ZooMarket1" */;
			buildPhases = (
				A556455B283D3F9900214EDE /* Sources */,
				A556455C283D3F9900214EDE /* Frameworks */,
				A556455D283D3F9900214EDE /* Resources */,
			);
			buildRules = (
			);
			dependencies = (
			);
			name = ZooMarket1;
			productName = ZooMarket1;
			productReference = A556455F283D3F9900214EDE /* ZooMarket1.app */;
			productType = "com.apple.product-type.application";
		};
		A5564574283D3F9B00214EDE /* ZooMarket1Tests */ = {
			isa = PBXNativeTarget;
			buildConfigurationList = A556458C283D3F9B00214EDE /* Build configuration list for PBXNativeTarget "ZooMarket1Tests" */;
			buildPhases = (
				A5564571283D3F9B00214EDE /* Sources */,
				A5564572283D3F9B00214EDE /* Frameworks */,
				A5564573283D3F9B00214EDE /* Resources */,
			);
			buildRules = (
			);
			dependencies = (
				A5564577283D3F9B00214EDE /* PBXTargetDependency */,
			);
			name = ZooMarket1Tests;
			productName = ZooMarket1Tests;
			productReference = A5564575283D3F9B00214EDE /* ZooMarket1Tests.xctest */;
			productType = "com.apple.product-type.bundle.unit-test";
		};
		A556457E283D3F9B00214EDE /* ZooMarket1UITests */ = {
			isa = PBXNativeTarget;
			buildConfigurationList = A556458F283D3F9B00214EDE /* Build configuration list for PBXNativeTarget "ZooMarket1UITests" */;
			buildPhases = (
				A556457B283D3F9B00214EDE /* Sources */,
				A556457C283D3F9B00214EDE /* Frameworks */,
				A556457D283D3F9B00214EDE /* Resources */,
			);
			buildRules = (
			);
			dependencies = (
				A5564581283D3F9B00214EDE /* PBXTargetDependency */,
			);
			name = ZooMarket1UITests;
			productName = ZooMarket1UITests;
			productReference = A556457F283D3F9B00214EDE /* ZooMarket1UITests.xctest */;
			productType = "com.apple.product-type.bundle.ui-testing";
		};
/* End PBXNativeTarget section */

/* Begin PBXProject section */
		A5564557283D3F9900214EDE /* Project object */ = {
			isa = PBXProject;
			attributes = {
				BuildIndependentTargetsInParallel = 1;
				LastSwiftUpdateCheck = 1330;
				LastUpgradeCheck = 1330;
				TargetAttributes = {
					A556455E283D3F9900214EDE = {
						CreatedOnToolsVersion = 13.3.1;
					};
					A5564574283D3F9B00214EDE = {
						CreatedOnToolsVersion = 13.3.1;
						TestTargetID = A556455E283D3F9900214EDE;
					};
					A556457E283D3F9B00214EDE = {
						CreatedOnToolsVersion = 13.3.1;
						TestTargetID = A556455E283D3F9900214EDE;
					};
				};
			};
			buildConfigurationList = A556455A283D3F9900214EDE /* Build configuration list for PBXProject "ZooMarket1" */;
			compatibilityVersion = "Xcode 13.0";
			developmentRegion = en;
			hasScannedForEncodings = 0;
			knownRegions = (
				en,
				Base,
			);
			mainGroup = A5564556283D3F9900214EDE;
			productRefGroup = A5564560283D3F9900214EDE /* Products */;
			projectDirPath = "";
			projectRoot = "";
			targets = (
				A556455E283D3F9900214EDE /* ZooMarket1 */,
				A5564574283D3F9B00214EDE /* ZooMarket1Tests */,
				A556457E283D3F9B00214EDE /* ZooMarket1UITests */,
			);
		};
/* End PBXProject section */

/* Begin PBXResourcesBuildPhase section */
		A556455D283D3F9900214EDE /* Resources */ = {
			isa = PBXResourcesBuildPhase;
			buildActionMask = 2147483647;
			files = (
				A556456F283D3F9B00214EDE /* LaunchScreen.storyboard in Resources */,
				A556456C283D3F9B00214EDE /* Assets.xcassets in Resources */,
				A556456A283D3F9900214EDE /* Main.storyboard in Resources */,
			);
			runOnlyForDeploymentPostprocessing = 0;
		};
		A5564573283D3F9B00214EDE /* Resources */ = {
			isa = PBXResourcesBuildPhase;
			buildActionMask = 2147483647;
			files = (
			);
			runOnlyForDeploymentPostprocessing = 0;
		};
		A556457D283D3F9B00214EDE /* Resources */ = {
			isa = PBXResourcesBuildPhase;
			buildActionMask = 2147483647;
			files = (
			);
			runOnlyForDeploymentPostprocessing = 0;
		};
/* End PBXResourcesBuildPhase section */

/* Begin PBXSourcesBuildPhase section */
		A556455B283D3F9900214EDE /* Sources */ = {
			isa = PBXSourcesBuildPhase;
			buildActionMask = 2147483647;
			files = (
				A5564567283D3F9900214EDE /* ViewController.swift in Sources */,
				A5564563283D3F9900214EDE /* AppDelegate.swift in Sources */,
				A5564565283D3F9900214EDE /* SceneDelegate.swift in Sources */,
			);
			runOnlyForDeploymentPostprocessing = 0;
		};
		A5564571283D3F9B00214EDE /* Sources */ = {
			isa = PBXSourcesBuildPhase;
			buildActionMask = 2147483647;
			files = (
				A556457A283D3F9B00214EDE /* ZooMarket1Tests.swift in Sources */,
			);
			runOnlyForDeploymentPostprocessing = 0;
		};
		A556457B283D3F9B00214EDE /* Sources */ = {
			isa = PBXSourcesBuildPhase;
			buildActionMask = 2147483647;
			files = (
				A5564584283D3F9B00214EDE /* ZooMarket1UITests.swift in Sources */,
				A5564586283D3F9B00214EDE /* ZooMarket1UITestsLaunchTests.swift in Sources */,
			);
			runOnlyForDeploymentPostprocessing = 0;
		};
/* End PBXSourcesBuildPhase section */

/* Begin PBXTargetDependency section */
		A5564577283D3F9B00214EDE /* PBXTargetDependency */ = {
			isa = PBXTargetDependency;
			target = A556455E283D3F9900214EDE /* ZooMarket1 */;
			targetProxy = A5564576283D3F9B00214EDE /* PBXContainerItemProxy */;
		};
		A5564581283D3F9B00214EDE /* PBXTargetDependency */ = {
			isa = PBXTargetDependency;
			target = A556455E283D3F9900214EDE /* ZooMarket1 */;
			targetProxy = A5564580283D3F9B00214EDE /* PBXContainerItemProxy */;
		};
/* End PBXTargetDependency section */

/* Begin PBXVariantGroup section */
		A5564568283D3F9900214EDE /* Main.storyboard */ = {
			isa = PBXVariantGroup;
			children = (
				A5564569283D3F9900214EDE /* Base */,
			);
			name = Main.storyboard;
			sourceTree = "<group>";
		};
		A556456D283D3F9B00214EDE /* LaunchScreen.storyboard */ = {
			isa = PBXVariantGroup;
			children = (
				A556456E283D3F9B00214EDE /* Base */,
			);
			name = LaunchScreen.storyboard;
			sourceTree = "<group>";
		};
/* End PBXVariantGroup section */

/* Begin XCBuildConfiguration section */
		A5564587283D3F9B00214EDE /* Debug */ = {
			isa = XCBuildConfiguration;
			buildSettings = {
				ALWAYS_SEARCH_USER_PATHS = NO;
				CLANG_ANALYZER_NONNULL = YES;
				CLANG_ANALYZER_NUMBER_OBJECT_CONVERSION = YES_AGGRESSIVE;
				CLANG_CXX_LANGUAGE_STANDARD = "gnu++17";
				CLANG_ENABLE_MODULES = YES;
				CLANG_ENABLE_OBJC_ARC = YES;
				CLANG_ENABLE_OBJC_WEAK = YES;
				CLANG_WARN_BLOCK_CAPTURE_AUTORELEASING = YES;
				CLANG_WARN_BOOL_CONVERSION = YES;
				CLANG_WARN_COMMA = YES;
				CLANG_WARN_CONSTANT_CONVERSION = YES;
				CLANG_WARN_DEPRECATED_OBJC_IMPLEMENTATIONS = YES;
				CLANG_WARN_DIRECT_OBJC_ISA_USAGE = YES_ERROR;
				CLANG_WARN_DOCUMENTATION_COMMENTS = YES;
				CLANG_WARN_EMPTY_BODY = YES;
				CLANG_WARN_ENUM_CONVERSION = YES;
				CLANG_WARN_INFINITE_RECURSION = YES;
				CLANG_WARN_INT_CONVERSION = YES;
				CLANG_WARN_NON_LITERAL_NULL_CONVERSION = YES;
				CLANG_WARN_OBJC_IMPLICIT_RETAIN_SELF = YES;
				CLANG_WARN_OBJC_LITERAL_CONVERSION = YES;
				CLANG_WARN_OBJC_ROOT_CLASS = YES_ERROR;
				CLANG_WARN_QUOTED_INCLUDE_IN_FRAMEWORK_HEADER = YES;
				CLANG_WARN_RANGE_LOOP_ANALYSIS = YES;
				CLANG_WARN_STRICT_PROTOTYPES = YES;
				CLANG_WARN_SUSPICIOUS_MOVE = YES;
				CLANG_WARN_UNGUARDED_AVAILABILITY = YES_AGGRESSIVE;
				CLANG_WARN_UNREACHABLE_CODE = YES;
				CLANG_WARN__DUPLICATE_METHOD_MATCH = YES;
				COPY_PHASE_STRIP = NO;
				DEBUG_INFORMATION_FORMAT = dwarf;
				ENABLE_STRICT_OBJC_MSGSEND = YES;
				ENABLE_TESTABILITY = YES;
				GCC_C_LANGUAGE_STANDARD = gnu11;
				GCC_DYNAMIC_NO_PIC = NO;
				GCC_NO_COMMON_BLOCKS = YES;
				GCC_OPTIMIZATION_LEVEL = 0;
				GCC_PREPROCESSOR_DEFINITIONS = (
					"DEBUG=1",
					"$(inherited)",
				);
				GCC_WARN_64_TO_32_BIT_CONVERSION = YES;
				GCC_WARN_ABOUT_RETURN_TYPE = YES_ERROR;
				GCC_WARN_UNDECLARED_SELECTOR = YES;
				GCC_WARN_UNINITIALIZED_AUTOS = YES_AGGRESSIVE;
				GCC_WARN_UNUSED_FUNCTION = YES;
				GCC_WARN_UNUSED_VARIABLE = YES;
				IPHONEOS_DEPLOYMENT_TARGET = 15.4;
				MTL_ENABLE_DEBUG_INFO = INCLUDE_SOURCE;
				MTL_FAST_MATH = YES;
				ONLY_ACTIVE_ARCH = YES;
				SDKROOT = iphoneos;
				SWIFT_ACTIVE_COMPILATION_CONDITIONS = DEBUG;
				SWIFT_OPTIMIZATION_LEVEL = "-Onone";
			};
			name = Debug;
		};
		A5564588283D3F9B00214EDE /* Release */ = {
			isa = XCBuildConfiguration;
			buildSettings = {
				ALWAYS_SEARCH_USER_PATHS = NO;
				CLANG_ANALYZER_NONNULL = YES;
				CLANG_ANALYZER_NUMBER_OBJECT_CONVERSION = YES_AGGRESSIVE;
				CLANG_CXX_LANGUAGE_STANDARD = "gnu++17";
				CLANG_ENABLE_MODULES = YES;
				CLANG_ENABLE_OBJC_ARC = YES;
				CLANG_ENABLE_OBJC_WEAK = YES;
				CLANG_WARN_BLOCK_CAPTURE_AUTORELEASING = YES;
				CLANG_WARN_BOOL_CONVERSION = YES;
				CLANG_WARN_COMMA = YES;
				CLANG_WARN_CONSTANT_CONVERSION = YES;
				CLANG_WARN_DEPRECATED_OBJC_IMPLEMENTATIONS = YES;
				CLANG_WARN_DIRECT_OBJC_ISA_USAGE = YES_ERROR;
				CLANG_WARN_DOCUMENTATION_COMMENTS = YES;
				CLANG_WARN_EMPTY_BODY = YES;
				CLANG_WARN_ENUM_CONVERSION = YES;
				CLANG_WARN_INFINITE_RECURSION = YES;
				CLANG_WARN_INT_CONVERSION = YES;
				CLANG_WARN_NON_LITERAL_NULL_CONVERSION = YES;
				CLANG_WARN_OBJC_IMPLICIT_RETAIN_SELF = YES;
				CLANG_WARN_OBJC_LITERAL_CONVERSION = YES;
				CLANG_WARN_OBJC_ROOT_CLASS = YES_ERROR;
				CLANG_WARN_QUOTED_INCLUDE_IN_FRAMEWORK_HEADER = YES;
				CLANG_WARN_RANGE_LOOP_ANALYSIS = YES;
				CLANG_WARN_STRICT_PROTOTYPES = YES;
				CLANG_WARN_SUSPICIOUS_MOVE = YES;
				CLANG_WARN_UNGUARDED_AVAILABILITY = YES_AGGRESSIVE;
				CLANG_WARN_UNREACHABLE_CODE = YES;
				CLANG_WARN__DUPLICATE_METHOD_MATCH = YES;
				COPY_PHASE_STRIP = NO;
				DEBUG_INFORMATION_FORMAT = "dwarf-with-dsym";
				ENABLE_NS_ASSERTIONS = NO;
				ENABLE_STRICT_OBJC_MSGSEND = YES;
				GCC_C_LANGUAGE_STANDARD = gnu11;
				GCC_NO_COMMON_BLOCKS = YES;
				GCC_WARN_64_TO_32_BIT_CONVERSION = YES;
				GCC_WARN_ABOUT_RETURN_TYPE = YES_ERROR;
				GCC_WARN_UNDECLARED_SELECTOR = YES;
				GCC_WARN_UNINITIALIZED_AUTOS = YES_AGGRESSIVE;
				GCC_WARN_UNUSED_FUNCTION = YES;
				GCC_WARN_UNUSED_VARIABLE = YES;
				IPHONEOS_DEPLOYMENT_TARGET = 15.4;
				MTL_ENABLE_DEBUG_INFO = NO;
				MTL_FAST_MATH = YES;
				SDKROOT = iphoneos;
				SWIFT_COMPILATION_MODE = wholemodule;
				SWIFT_OPTIMIZATION_LEVEL = "-O";
				VALIDATE_PRODUCT = YES;
			};
			name = Release;
		};
		A556458A283D3F9B00214EDE /* Debug */ = {
			isa = XCBuildConfiguration;
			buildSettings = {
				ASSETCATALOG_COMPILER_APPICON_NAME = AppIcon;
				ASSETCATALOG_COMPILER_GLOBAL_ACCENT_COLOR_NAME = AccentColor;
				CODE_SIGN_STYLE = Automatic;
				CURRENT_PROJECT_VERSION = 1;
				GENERATE_INFOPLIST_FILE = YES;
				INFOPLIST_FILE = ZooMarket1/Info.plist;
				INFOPLIST_KEY_UIApplicationSupportsIndirectInputEvents = YES;
				INFOPLIST_KEY_UILaunchStoryboardName = LaunchScreen;
				INFOPLIST_KEY_UIMainStoryboardFile = Main;
				INFOPLIST_KEY_UISupportedInterfaceOrientations_iPad = "UIInterfaceOrientationPortrait UIInterfaceOrientationPortraitUpsideDown UIInterfaceOrientationLandscapeLeft UIInterfaceOrientationLandscapeRight";
				INFOPLIST_KEY_UISupportedInterfaceOrientations_iPhone = "UIInterfaceOrientationPortrait UIInterfaceOrientationLandscapeLeft UIInterfaceOrientationLandscapeRight";
				IPHONEOS_DEPLOYMENT_TARGET = 13.0;
				LD_RUNPATH_SEARCH_PATHS = (
					"$(inherited)",
					"@executable_path/Frameworks",
				);
				MARKETING_VERSION = 1.0;
				PRODUCT_BUNDLE_IDENTIFIER = Karapet.ZooMarket1;
				PRODUCT_NAME = "$(TARGET_NAME)";
				SWIFT_EMIT_LOC_STRINGS = YES;
				SWIFT_VERSION = 5.0;
				TARGETED_DEVICE_FAMILY = "1,2";
			};
			name = Debug;
		};
		A556458B283D3F9B00214EDE /* Release */ = {
			isa = XCBuildConfiguration;
			buildSettings = {
				ASSETCATALOG_COMPILER_APPICON_NAME = AppIcon;
				ASSETCATALOG_COMPILER_GLOBAL_ACCENT_COLOR_NAME = AccentColor;
				CODE_SIGN_STYLE = Automatic;
				CURRENT_PROJECT_VERSION = 1;
				GENERATE_INFOPLIST_FILE = YES;
				INFOPLIST_FILE = ZooMarket1/Info.plist;
				INFOPLIST_KEY_UIApplicationSupportsIndirectInputEvents = YES;
				INFOPLIST_KEY_UILaunchStoryboardName = LaunchScreen;
				INFOPLIST_KEY_UIMainStoryboardFile = Main;
				INFOPLIST_KEY_UISupportedInterfaceOrientations_iPad = "UIInterfaceOrientationPortrait UIInterfaceOrientationPortraitUpsideDown UIInterfaceOrientationLandscapeLeft UIInterfaceOrientationLandscapeRight";
				INFOPLIST_KEY_UISupportedInterfaceOrientations_iPhone = "UIInterfaceOrientationPortrait UIInterfaceOrientationLandscapeLeft UIInterfaceOrientationLandscapeRight";
				IPHONEOS_DEPLOYMENT_TARGET = 13.0;
				LD_RUNPATH_SEARCH_PATHS = (
					"$(inherited)",
					"@executable_path/Frameworks",
				);
				MARKETING_VERSION = 1.0;
				PRODUCT_BUNDLE_IDENTIFIER = Karapet.ZooMarket1;
				PRODUCT_NAME = "$(TARGET_NAME)";
				SWIFT_EMIT_LOC_STRINGS = YES;
				SWIFT_VERSION = 5.0;
				TARGETED_DEVICE_FAMILY = "1,2";
			};
			name = Release;
		};
		A556458D283D3F9B00214EDE /* Debug */ = {
			isa = XCBuildConfiguration;
			buildSettings = {
				ALWAYS_EMBED_SWIFT_STANDARD_LIBRARIES = YES;
				BUNDLE_LOADER = "$(TEST_HOST)";
				CODE_SIGN_STYLE = Automatic;
				CURRENT_PROJECT_VERSION = 1;
				GENERATE_INFOPLIST_FILE = YES;
				IPHONEOS_DEPLOYMENT_TARGET = 15.4;
				MARKETING_VERSION = 1.0;
				PRODUCT_BUNDLE_IDENTIFIER = Karapet.ZooMarket1Tests;
				PRODUCT_NAME = "$(TARGET_NAME)";
				SWIFT_EMIT_LOC_STRINGS = NO;
				SWIFT_VERSION = 5.0;
				TARGETED_DEVICE_FAMILY = "1,2";
				TEST_HOST = "$(BUILT_PRODUCTS_DIR)/ZooMarket1.app/ZooMarket1";
			};
			name = Debug;
		};
		A556458E283D3F9B00214EDE /* Release */ = {
			isa = XCBuildConfiguration;
			buildSettings = {
				ALWAYS_EMBED_SWIFT_STANDARD_LIBRARIES = YES;
				BUNDLE_LOADER = "$(TEST_HOST)";
				CODE_SIGN_STYLE = Automatic;
				CURRENT_PROJECT_VERSION = 1;
				GENERATE_INFOPLIST_FILE = YES;
				IPHONEOS_DEPLOYMENT_TARGET = 15.4;
				MARKETING_VERSION = 1.0;
				PRODUCT_BUNDLE_IDENTIFIER = Karapet.ZooMarket1Tests;
				PRODUCT_NAME = "$(TARGET_NAME)";
				SWIFT_EMIT_LOC_STRINGS = NO;
				SWIFT_VERSION = 5.0;
				TARGETED_DEVICE_FAMILY = "1,2";
				TEST_HOST = "$(BUILT_PRODUCTS_DIR)/ZooMarket1.app/ZooMarket1";
			};
			name = Release;
		};
		A5564590283D3F9B00214EDE /* Debug */ = {
			isa = XCBuildConfiguration;
			buildSettings = {
				ALWAYS_EMBED_SWIFT_STANDARD_LIBRARIES = YES;
				CODE_SIGN_STYLE = Automatic;
				CURRENT_PROJECT_VERSION = 1;
				GENERATE_INFOPLIST_FILE = YES;
				MARKETING_VERSION = 1.0;
				PRODUCT_BUNDLE_IDENTIFIER = Karapet.ZooMarket1UITests;
				PRODUCT_NAME = "$(TARGET_NAME)";
				SWIFT_EMIT_LOC_STRINGS = NO;
				SWIFT_VERSION = 5.0;
				TARGETED_DEVICE_FAMILY = "1,2";
				TEST_TARGET_NAME = ZooMarket1;
			};
			name = Debug;
		};
		A5564591283D3F9B00214EDE /* Release */ = {
			isa = XCBuildConfiguration;
			buildSettings = {
				ALWAYS_EMBED_SWIFT_STANDARD_LIBRARIES = YES;
				CODE_SIGN_STYLE = Automatic;
				CURRENT_PROJECT_VERSION = 1;
				GENERATE_INFOPLIST_FILE = YES;
				MARKETING_VERSION = 1.0;
				PRODUCT_BUNDLE_IDENTIFIER = Karapet.ZooMarket1UITests;
				PRODUCT_NAME = "$(TARGET_NAME)";
				SWIFT_EMIT_LOC_STRINGS = NO;
				SWIFT_VERSION = 5.0;
				TARGETED_DEVICE_FAMILY = "1,2";
				TEST_TARGET_NAME = ZooMarket1;
			};
			name = Release;
		};
/* End XCBuildConfiguration section */

/* Begin XCConfigurationList section */
		A556455A283D3F9900214EDE /* Build configuration list for PBXProject "ZooMarket1" */ = {
			isa = XCConfigurationList;
			buildConfigurations = (
				A5564587283D3F9B00214EDE /* Debug */,
				A5564588283D3F9B00214EDE /* Release */,
			);
			defaultConfigurationIsVisible = 0;
			defaultConfigurationName = Release;
		};
		A5564589283D3F9B00214EDE /* Build configuration list for PBXNativeTarget "ZooMarket1" */ = {
			isa = XCConfigurationList;
			buildConfigurations = (
				A556458A283D3F9B00214EDE /* Debug */,
				A556458B283D3F9B00214EDE /* Release */,
			);
			defaultConfigurationIsVisible = 0;
			defaultConfigurationName = Release;
		};
		A556458C283D3F9B00214EDE /* Build configuration list for PBXNativeTarget "ZooMarket1Tests" */ = {
			isa = XCConfigurationList;
			buildConfigurations = (
				A556458D283D3F9B00214EDE /* Debug */,
				A556458E283D3F9B00214EDE /* Release */,
			);
			defaultConfigurationIsVisible = 0;
			defaultConfigurationName = Release;
		};
		A556458F283D3F9B00214EDE /* Build configuration list for PBXNativeTarget "ZooMarket1UITests" */ = {
			isa = XCConfigurationList;
			buildConfigurations = (
				A5564590283D3F9B00214EDE /* Debug */,
				A5564591283D3F9B00214EDE /* Release */,
			);
			defaultConfigurationIsVisible = 0;
			defaultConfigurationName = Release;
		};
/* End XCConfigurationList section */
	};
	rootObject = A5564557283D3F9900214EDE /* Project object */;
}
